// !$*UTF8*$!
{
	archiveVersion = 1;
	classes = {
	};
	objectVersion = 50;
	objects = {

/* Begin PBXBuildFile section */
		2347403A2492837400DF69AA /* UIApplication+Extension.swift in Sources */ = {isa = PBXBuildFile; fileRef = 234740392492837400DF69AA /* UIApplication+Extension.swift */; };
		2347403C2492839B00DF69AA /* URL+Extension.swift in Sources */ = {isa = PBXBuildFile; fileRef = 2347403B2492839B00DF69AA /* URL+Extension.swift */; };
		2347403E2492848900DF69AA /* PlaceHolderTextView.swift in Sources */ = {isa = PBXBuildFile; fileRef = 2347403D2492848900DF69AA /* PlaceHolderTextView.swift */; };
		23474042249286F100DF69AA /* Wifi.swift in Sources */ = {isa = PBXBuildFile; fileRef = 23474041249286F100DF69AA /* Wifi.swift */; };
		236F2FF722171A5F00DF2E74 /* AppDelegate.swift in Sources */ = {isa = PBXBuildFile; fileRef = 236F2FF622171A5F00DF2E74 /* AppDelegate.swift */; };
		236F2FFE22171A6000DF2E74 /* Assets.xcassets in Resources */ = {isa = PBXBuildFile; fileRef = 236F2FFD22171A6000DF2E74 /* Assets.xcassets */; };
		236F300C22171A6000DF2E74 /* TemplateTests.swift in Sources */ = {isa = PBXBuildFile; fileRef = 236F300B22171A6000DF2E74 /* TemplateTests.swift */; };
		236F301722171A6000DF2E74 /* TemplateUITests.swift in Sources */ = {isa = PBXBuildFile; fileRef = 236F301622171A6000DF2E74 /* TemplateUITests.swift */; };
		23787DC92383A237004E8771 /* UIColor+Extension.swift in Sources */ = {isa = PBXBuildFile; fileRef = 23787DC72383A237004E8771 /* UIColor+Extension.swift */; };
		23787DCA2383A237004E8771 /* UIViewController+Extension.swift in Sources */ = {isa = PBXBuildFile; fileRef = 23787DC82383A237004E8771 /* UIViewController+Extension.swift */; };
		23787DCD2383A42C004E8771 /* ClassNameProtocol.swift in Sources */ = {isa = PBXBuildFile; fileRef = 23787DCC2383A42C004E8771 /* ClassNameProtocol.swift */; };
		23787DD02383A50D004E8771 /* HTTPMethod.swift in Sources */ = {isa = PBXBuildFile; fileRef = 23787DCF2383A50D004E8771 /* HTTPMethod.swift */; };
		23787DD22383A654004E8771 /* String+Extension.swift in Sources */ = {isa = PBXBuildFile; fileRef = 23787DD12383A654004E8771 /* String+Extension.swift */; };
		23787DD42383A663004E8771 /* Date+Extension.swift in Sources */ = {isa = PBXBuildFile; fileRef = 23787DD32383A663004E8771 /* Date+Extension.swift */; };
		23787DD62383A6EC004E8771 /* DateformatType.swift in Sources */ = {isa = PBXBuildFile; fileRef = 23787DD52383A6EC004E8771 /* DateformatType.swift */; };
		23787DDF2383B5AD004E8771 /* CoreDataManager.swift in Sources */ = {isa = PBXBuildFile; fileRef = 23787DDE2383B5AD004E8771 /* CoreDataManager.swift */; };
		23787DE22383B9E3004E8771 /* UILabelWithPlaceholder.swift in Sources */ = {isa = PBXBuildFile; fileRef = 23787DE12383B9E3004E8771 /* UILabelWithPlaceholder.swift */; };
		23787DEB2383C979004E8771 /* MultipartFormData.swift in Sources */ = {isa = PBXBuildFile; fileRef = 23787DEA2383C979004E8771 /* MultipartFormData.swift */; };
		23787DF12384F415004E8771 /* Array+Extension.swift in Sources */ = {isa = PBXBuildFile; fileRef = 23787DF02384F415004E8771 /* Array+Extension.swift */; };
		23787DF32384F676004E8771 /* Collection+Extension.swift in Sources */ = {isa = PBXBuildFile; fileRef = 23787DF22384F676004E8771 /* Collection+Extension.swift */; };
		23814B6025FE7006003C1B5A /* IndicatorView.xib in Resources */ = {isa = PBXBuildFile; fileRef = 23814B5F25FE7006003C1B5A /* IndicatorView.xib */; };
		23A06D27241F09B90077DC68 /* UserDefaults+Extension.swift in Sources */ = {isa = PBXBuildFile; fileRef = 23A06D26241F09B80077DC68 /* UserDefaults+Extension.swift */; };
		23A06D2A241F0A1E0077DC68 /* IndicatorViewController.swift in Sources */ = {isa = PBXBuildFile; fileRef = 23A06D28241F0A1E0077DC68 /* IndicatorViewController.swift */; };
		23A06D2D241F0A9F0077DC68 /* Logger.swift in Sources */ = {isa = PBXBuildFile; fileRef = 23A06D2C241F0A9F0077DC68 /* Logger.swift */; };
		23A06D2F241F0AD90077DC68 /* AlertMessage.swift in Sources */ = {isa = PBXBuildFile; fileRef = 23A06D2E241F0AD90077DC68 /* AlertMessage.swift */; };
		23A06D31241F0BA40077DC68 /* Common.swift in Sources */ = {isa = PBXBuildFile; fileRef = 23A06D30241F0BA40077DC68 /* Common.swift */; };
		23A06D34241F0C520077DC68 /* Request.swift in Sources */ = {isa = PBXBuildFile; fileRef = 23A06D32241F0C520077DC68 /* Request.swift */; };
		23A06D35241F0C520077DC68 /* APIClient.swift in Sources */ = {isa = PBXBuildFile; fileRef = 23A06D33241F0C520077DC68 /* APIClient.swift */; };
		23A06D37241F0C800077DC68 /* Error.swift in Sources */ = {isa = PBXBuildFile; fileRef = 23A06D36241F0C800077DC68 /* Error.swift */; };
		23A06D39241F0DE00077DC68 /* APIRequest.swift in Sources */ = {isa = PBXBuildFile; fileRef = 23A06D38241F0DE00077DC68 /* APIRequest.swift */; };
		23A06D3C241F0EB90077DC68 /* NibInstantiatable.swift in Sources */ = {isa = PBXBuildFile; fileRef = 23A06D3A241F0EB90077DC68 /* NibInstantiatable.swift */; };
		23A06D3D241F0EB90077DC68 /* StoryboardInstantiable.swift in Sources */ = {isa = PBXBuildFile; fileRef = 23A06D3B241F0EB90077DC68 /* StoryboardInstantiable.swift */; };
		23F344CB25FE388600A892EA /* Template.swift in Sources */ = {isa = PBXBuildFile; fileRef = 23F344CA25FE388600A892EA /* Template.swift */; };
/* End PBXBuildFile section */

/* Begin PBXContainerItemProxy section */
		236F300822171A6000DF2E74 /* PBXContainerItemProxy */ = {
			isa = PBXContainerItemProxy;
			containerPortal = 236F2FEB22171A5F00DF2E74 /* Project object */;
			proxyType = 1;
			remoteGlobalIDString = 236F2FF222171A5F00DF2E74;
			remoteInfo = Template;
		};
		236F301322171A6000DF2E74 /* PBXContainerItemProxy */ = {
			isa = PBXContainerItemProxy;
			containerPortal = 236F2FEB22171A5F00DF2E74 /* Project object */;
			proxyType = 1;
			remoteGlobalIDString = 236F2FF222171A5F00DF2E74;
			remoteInfo = Template;
		};
/* End PBXContainerItemProxy section */

/* Begin PBXFileReference section */
		234740392492837400DF69AA /* UIApplication+Extension.swift */ = {isa = PBXFileReference; fileEncoding = 4; lastKnownFileType = sourcecode.swift; path = "UIApplication+Extension.swift"; sourceTree = "<group>"; };
		2347403B2492839B00DF69AA /* URL+Extension.swift */ = {isa = PBXFileReference; fileEncoding = 4; lastKnownFileType = sourcecode.swift; path = "URL+Extension.swift"; sourceTree = "<group>"; };
		2347403D2492848900DF69AA /* PlaceHolderTextView.swift */ = {isa = PBXFileReference; fileEncoding = 4; lastKnownFileType = sourcecode.swift; path = PlaceHolderTextView.swift; sourceTree = "<group>"; };
		23474041249286F100DF69AA /* Wifi.swift */ = {isa = PBXFileReference; fileEncoding = 4; lastKnownFileType = sourcecode.swift; path = Wifi.swift; sourceTree = "<group>"; };
		236F2FF322171A5F00DF2E74 /* Template.app */ = {isa = PBXFileReference; explicitFileType = wrapper.application; includeInIndex = 0; path = Template.app; sourceTree = BUILT_PRODUCTS_DIR; };
		236F2FF622171A5F00DF2E74 /* AppDelegate.swift */ = {isa = PBXFileReference; lastKnownFileType = sourcecode.swift; path = AppDelegate.swift; sourceTree = "<group>"; };
		236F2FFD22171A6000DF2E74 /* Assets.xcassets */ = {isa = PBXFileReference; lastKnownFileType = folder.assetcatalog; path = Assets.xcassets; sourceTree = "<group>"; };
		236F300222171A6000DF2E74 /* Info.plist */ = {isa = PBXFileReference; lastKnownFileType = text.plist.xml; path = Info.plist; sourceTree = "<group>"; };
		236F300722171A6000DF2E74 /* TemplateTests.xctest */ = {isa = PBXFileReference; explicitFileType = wrapper.cfbundle; includeInIndex = 0; path = TemplateTests.xctest; sourceTree = BUILT_PRODUCTS_DIR; };
		236F300B22171A6000DF2E74 /* TemplateTests.swift */ = {isa = PBXFileReference; lastKnownFileType = sourcecode.swift; path = TemplateTests.swift; sourceTree = "<group>"; };
		236F300D22171A6000DF2E74 /* Info.plist */ = {isa = PBXFileReference; lastKnownFileType = text.plist.xml; path = Info.plist; sourceTree = "<group>"; };
		236F301222171A6000DF2E74 /* TemplateUITests.xctest */ = {isa = PBXFileReference; explicitFileType = wrapper.cfbundle; includeInIndex = 0; path = TemplateUITests.xctest; sourceTree = BUILT_PRODUCTS_DIR; };
		236F301622171A6000DF2E74 /* TemplateUITests.swift */ = {isa = PBXFileReference; lastKnownFileType = sourcecode.swift; path = TemplateUITests.swift; sourceTree = "<group>"; };
		236F301822171A6000DF2E74 /* Info.plist */ = {isa = PBXFileReference; lastKnownFileType = text.plist.xml; path = Info.plist; sourceTree = "<group>"; };
		23787DC72383A237004E8771 /* UIColor+Extension.swift */ = {isa = PBXFileReference; fileEncoding = 4; lastKnownFileType = sourcecode.swift; path = "UIColor+Extension.swift"; sourceTree = "<group>"; };
		23787DC82383A237004E8771 /* UIViewController+Extension.swift */ = {isa = PBXFileReference; fileEncoding = 4; lastKnownFileType = sourcecode.swift; path = "UIViewController+Extension.swift"; sourceTree = "<group>"; };
		23787DCC2383A42C004E8771 /* ClassNameProtocol.swift */ = {isa = PBXFileReference; fileEncoding = 4; lastKnownFileType = sourcecode.swift; path = ClassNameProtocol.swift; sourceTree = "<group>"; };
		23787DCF2383A50D004E8771 /* HTTPMethod.swift */ = {isa = PBXFileReference; fileEncoding = 4; lastKnownFileType = sourcecode.swift; path = HTTPMethod.swift; sourceTree = "<group>"; };
		23787DD12383A654004E8771 /* String+Extension.swift */ = {isa = PBXFileReference; fileEncoding = 4; lastKnownFileType = sourcecode.swift; path = "String+Extension.swift"; sourceTree = "<group>"; };
		23787DD32383A663004E8771 /* Date+Extension.swift */ = {isa = PBXFileReference; fileEncoding = 4; lastKnownFileType = sourcecode.swift; path = "Date+Extension.swift"; sourceTree = "<group>"; };
		23787DD52383A6EC004E8771 /* DateformatType.swift */ = {isa = PBXFileReference; lastKnownFileType = sourcecode.swift; path = DateformatType.swift; sourceTree = "<group>"; };
		23787DDE2383B5AD004E8771 /* CoreDataManager.swift */ = {isa = PBXFileReference; fileEncoding = 4; lastKnownFileType = sourcecode.swift; path = CoreDataManager.swift; sourceTree = "<group>"; };
		23787DE12383B9E3004E8771 /* UILabelWithPlaceholder.swift */ = {isa = PBXFileReference; fileEncoding = 4; lastKnownFileType = sourcecode.swift; path = UILabelWithPlaceholder.swift; sourceTree = "<group>"; };
		23787DE62383C3D2004E8771 /* Reachability.framework */ = {isa = PBXFileReference; lastKnownFileType = wrapper.framework; name = Reachability.framework; path = Carthage/Build/iOS/Reachability.framework; sourceTree = "<group>"; };
		23787DEA2383C979004E8771 /* MultipartFormData.swift */ = {isa = PBXFileReference; lastKnownFileType = sourcecode.swift; path = MultipartFormData.swift; sourceTree = "<group>"; };
		23787DF02384F415004E8771 /* Array+Extension.swift */ = {isa = PBXFileReference; lastKnownFileType = sourcecode.swift; path = "Array+Extension.swift"; sourceTree = "<group>"; };
		23787DF22384F676004E8771 /* Collection+Extension.swift */ = {isa = PBXFileReference; lastKnownFileType = sourcecode.swift; path = "Collection+Extension.swift"; sourceTree = "<group>"; };
		23814B5F25FE7006003C1B5A /* IndicatorView.xib */ = {isa = PBXFileReference; lastKnownFileType = file.xib; path = IndicatorView.xib; sourceTree = "<group>"; };
		23A06D26241F09B80077DC68 /* UserDefaults+Extension.swift */ = {isa = PBXFileReference; lastKnownFileType = sourcecode.swift; path = "UserDefaults+Extension.swift"; sourceTree = "<group>"; };
		23A06D28241F0A1E0077DC68 /* IndicatorViewController.swift */ = {isa = PBXFileReference; fileEncoding = 4; lastKnownFileType = sourcecode.swift; path = IndicatorViewController.swift; sourceTree = "<group>"; };
		23A06D2C241F0A9F0077DC68 /* Logger.swift */ = {isa = PBXFileReference; fileEncoding = 4; lastKnownFileType = sourcecode.swift; path = Logger.swift; sourceTree = "<group>"; };
		23A06D2E241F0AD90077DC68 /* AlertMessage.swift */ = {isa = PBXFileReference; fileEncoding = 4; lastKnownFileType = sourcecode.swift; path = AlertMessage.swift; sourceTree = "<group>"; };
		23A06D30241F0BA40077DC68 /* Common.swift */ = {isa = PBXFileReference; fileEncoding = 4; lastKnownFileType = sourcecode.swift; path = Common.swift; sourceTree = "<group>"; };
		23A06D32241F0C520077DC68 /* Request.swift */ = {isa = PBXFileReference; fileEncoding = 4; lastKnownFileType = sourcecode.swift; path = Request.swift; sourceTree = "<group>"; };
		23A06D33241F0C520077DC68 /* APIClient.swift */ = {isa = PBXFileReference; fileEncoding = 4; lastKnownFileType = sourcecode.swift; path = APIClient.swift; sourceTree = "<group>"; };
		23A06D36241F0C800077DC68 /* Error.swift */ = {isa = PBXFileReference; lastKnownFileType = sourcecode.swift; path = Error.swift; sourceTree = "<group>"; };
		23A06D38241F0DE00077DC68 /* APIRequest.swift */ = {isa = PBXFileReference; fileEncoding = 4; lastKnownFileType = sourcecode.swift; path = APIRequest.swift; sourceTree = "<group>"; };
		23A06D3A241F0EB90077DC68 /* NibInstantiatable.swift */ = {isa = PBXFileReference; fileEncoding = 4; lastKnownFileType = sourcecode.swift; path = NibInstantiatable.swift; sourceTree = "<group>"; };
		23A06D3B241F0EB90077DC68 /* StoryboardInstantiable.swift */ = {isa = PBXFileReference; fileEncoding = 4; lastKnownFileType = sourcecode.swift; path = StoryboardInstantiable.swift; sourceTree = "<group>"; };
		23F344CA25FE388600A892EA /* Template.swift */ = {isa = PBXFileReference; lastKnownFileType = sourcecode.swift; path = Template.swift; sourceTree = "<group>"; };
/* End PBXFileReference section */

/* Begin PBXFrameworksBuildPhase section */
		236F2FF022171A5F00DF2E74 /* Frameworks */ = {
			isa = PBXFrameworksBuildPhase;
			buildActionMask = 2147483647;
			files = (
			);
			runOnlyForDeploymentPostprocessing = 0;
		};
		236F300422171A6000DF2E74 /* Frameworks */ = {
			isa = PBXFrameworksBuildPhase;
			buildActionMask = 2147483647;
			files = (
			);
			runOnlyForDeploymentPostprocessing = 0;
		};
		236F300F22171A6000DF2E74 /* Frameworks */ = {
			isa = PBXFrameworksBuildPhase;
			buildActionMask = 2147483647;
			files = (
			);
			runOnlyForDeploymentPostprocessing = 0;
		};
/* End PBXFrameworksBuildPhase section */

/* Begin PBXGroup section */
		235AE476260E22D600B2F866 /* Resources */ = {
			isa = PBXGroup;
			children = (
				236F2FFD22171A6000DF2E74 /* Assets.xcassets */,
				236F300222171A6000DF2E74 /* Info.plist */,
				235AE483260E240C00B2F866 /* Generated */,
			);
			path = Resources;
			sourceTree = "<group>";
		};
		235AE483260E240C00B2F866 /* Generated */ = {
			isa = PBXGroup;
			children = (
			);
			path = Generated;
			sourceTree = "<group>";
		};
		235AE48A260E24EE00B2F866 /* Storyboards */ = {
			isa = PBXGroup;
			children = (
			);
			path = Storyboards;
			sourceTree = "<group>";
		};
		236F2FEA22171A5F00DF2E74 = {
			isa = PBXGroup;
			children = (
				236F2FF522171A5F00DF2E74 /* Template */,
				236F300A22171A6000DF2E74 /* TemplateTests */,
				236F301522171A6000DF2E74 /* TemplateUITests */,
				236F2FF422171A5F00DF2E74 /* Products */,
				23787DE52383C3D2004E8771 /* Frameworks */,
			);
			sourceTree = "<group>";
		};
		236F2FF422171A5F00DF2E74 /* Products */ = {
			isa = PBXGroup;
			children = (
				236F2FF322171A5F00DF2E74 /* Template.app */,
				236F300722171A6000DF2E74 /* TemplateTests.xctest */,
				236F301222171A6000DF2E74 /* TemplateUITests.xctest */,
			);
			name = Products;
			sourceTree = "<group>";
		};
		236F2FF522171A5F00DF2E74 /* Template */ = {
			isa = PBXGroup;
			children = (
				236F2FF622171A5F00DF2E74 /* AppDelegate.swift */,
				23F344CA25FE388600A892EA /* Template.swift */,
				235AE48A260E24EE00B2F866 /* Storyboards */,
				23787DE02383B9D6004E8771 /* UI */,
				23787DDD2383B5A4004E8771 /* CoreData */,
				23787DD92383B3FC004E8771 /* Util */,
				23787DCE2383A505004E8771 /* Request */,
				23787DCB2383A423004E8771 /* Protocol */,
				23787DC62383A1B9004E8771 /* Extension */,
				235AE476260E22D600B2F866 /* Resources */,
				55390C54D5171BFC879BC008 /* Modules */,
			);
			path = Template;
			sourceTree = "<group>";
		};
		236F300A22171A6000DF2E74 /* TemplateTests */ = {
			isa = PBXGroup;
			children = (
				236F300B22171A6000DF2E74 /* TemplateTests.swift */,
				236F300D22171A6000DF2E74 /* Info.plist */,
			);
			path = TemplateTests;
			sourceTree = "<group>";
		};
		236F301522171A6000DF2E74 /* TemplateUITests */ = {
			isa = PBXGroup;
			children = (
				236F301622171A6000DF2E74 /* TemplateUITests.swift */,
				236F301822171A6000DF2E74 /* Info.plist */,
			);
			path = TemplateUITests;
			sourceTree = "<group>";
		};
		23787DC62383A1B9004E8771 /* Extension */ = {
			isa = PBXGroup;
			children = (
				2347403B2492839B00DF69AA /* URL+Extension.swift */,
				234740392492837400DF69AA /* UIApplication+Extension.swift */,
				23787DD32383A663004E8771 /* Date+Extension.swift */,
				23787DD52383A6EC004E8771 /* DateformatType.swift */,
				23787DD12383A654004E8771 /* String+Extension.swift */,
				23787DC72383A237004E8771 /* UIColor+Extension.swift */,
				23787DC82383A237004E8771 /* UIViewController+Extension.swift */,
				23787DF02384F415004E8771 /* Array+Extension.swift */,
				23787DF22384F676004E8771 /* Collection+Extension.swift */,
				23A06D26241F09B80077DC68 /* UserDefaults+Extension.swift */,
			);
			path = Extension;
			sourceTree = "<group>";
		};
		23787DCB2383A423004E8771 /* Protocol */ = {
			isa = PBXGroup;
			children = (
				23A06D3A241F0EB90077DC68 /* NibInstantiatable.swift */,
				23A06D3B241F0EB90077DC68 /* StoryboardInstantiable.swift */,
				23787DCC2383A42C004E8771 /* ClassNameProtocol.swift */,
			);
			path = Protocol;
			sourceTree = "<group>";
		};
		23787DCE2383A505004E8771 /* Request */ = {
			isa = PBXGroup;
			children = (
				23A06D38241F0DE00077DC68 /* APIRequest.swift */,
				23A06D33241F0C520077DC68 /* APIClient.swift */,
				23A06D32241F0C520077DC68 /* Request.swift */,
				23787DCF2383A50D004E8771 /* HTTPMethod.swift */,
				23787DEA2383C979004E8771 /* MultipartFormData.swift */,
			);
			path = Request;
			sourceTree = "<group>";
		};
		23787DD92383B3FC004E8771 /* Util */ = {
			isa = PBXGroup;
			children = (
				23474041249286F100DF69AA /* Wifi.swift */,
				23A06D30241F0BA40077DC68 /* Common.swift */,
				23A06D2E241F0AD90077DC68 /* AlertMessage.swift */,
				23A06D2C241F0A9F0077DC68 /* Logger.swift */,
				23A06D36241F0C800077DC68 /* Error.swift */,
			);
			path = Util;
			sourceTree = "<group>";
		};
		23787DDD2383B5A4004E8771 /* CoreData */ = {
			isa = PBXGroup;
			children = (
				23787DDE2383B5AD004E8771 /* CoreDataManager.swift */,
			);
			path = CoreData;
			sourceTree = "<group>";
		};
		23787DE02383B9D6004E8771 /* UI */ = {
			isa = PBXGroup;
			children = (
				23A06D28241F0A1E0077DC68 /* IndicatorViewController.swift */,
				23814B5F25FE7006003C1B5A /* IndicatorView.xib */,
				23787DE12383B9E3004E8771 /* UILabelWithPlaceholder.swift */,
				2347403D2492848900DF69AA /* PlaceHolderTextView.swift */,
			);
			path = UI;
			sourceTree = "<group>";
		};
		23787DE52383C3D2004E8771 /* Frameworks */ = {
			isa = PBXGroup;
			children = (
				23787DE62383C3D2004E8771 /* Reachability.framework */,
			);
			name = Frameworks;
			sourceTree = "<group>";
		};
		55390C54D5171BFC879BC008 /* Modules */ = {
			isa = PBXGroup;
			children = (
			);
			path = Modules;
			sourceTree = "<group>";
		};
/* End PBXGroup section */

/* Begin PBXNativeTarget section */
		236F2FF222171A5F00DF2E74 /* Template */ = {
			isa = PBXNativeTarget;
			buildConfigurationList = 236F301B22171A6000DF2E74 /* Build configuration list for PBXNativeTarget "Template" */;
			buildPhases = (
				236F2FEF22171A5F00DF2E74 /* Sources */,
				236F2FF022171A5F00DF2E74 /* Frameworks */,
				236F2FF122171A5F00DF2E74 /* Resources */,
				23787DE32383C312004E8771 /* SwiftLint */,
				23787DE42383C32F004E8771 /* Carthage */,
			);
			buildRules = (
			);
			dependencies = (
			);
			name = Template;
			productName = Template;
			productReference = 236F2FF322171A5F00DF2E74 /* Template.app */;
			productType = "com.apple.product-type.application";
		};
		236F300622171A6000DF2E74 /* TemplateTests */ = {
			isa = PBXNativeTarget;
			buildConfigurationList = 236F301E22171A6000DF2E74 /* Build configuration list for PBXNativeTarget "TemplateTests" */;
			buildPhases = (
				236F300322171A6000DF2E74 /* Sources */,
				236F300422171A6000DF2E74 /* Frameworks */,
				236F300522171A6000DF2E74 /* Resources */,
			);
			buildRules = (
			);
			dependencies = (
				236F300922171A6000DF2E74 /* PBXTargetDependency */,
			);
			name = TemplateTests;
			productName = TemplateTests;
			productReference = 236F300722171A6000DF2E74 /* TemplateTests.xctest */;
			productType = "com.apple.product-type.bundle.unit-test";
		};
		236F301122171A6000DF2E74 /* TemplateUITests */ = {
			isa = PBXNativeTarget;
			buildConfigurationList = 236F302122171A6000DF2E74 /* Build configuration list for PBXNativeTarget "TemplateUITests" */;
			buildPhases = (
				236F300E22171A6000DF2E74 /* Sources */,
				236F300F22171A6000DF2E74 /* Frameworks */,
				236F301022171A6000DF2E74 /* Resources */,
			);
			buildRules = (
			);
			dependencies = (
				236F301422171A6000DF2E74 /* PBXTargetDependency */,
			);
			name = TemplateUITests;
			productName = TemplateUITests;
			productReference = 236F301222171A6000DF2E74 /* TemplateUITests.xctest */;
			productType = "com.apple.product-type.bundle.ui-testing";
		};
/* End PBXNativeTarget section */

/* Begin PBXProject section */
		236F2FEB22171A5F00DF2E74 /* Project object */ = {
			isa = PBXProject;
			attributes = {
				LastSwiftUpdateCheck = 1010;
				LastUpgradeCheck = 1010;
				ORGANIZATIONNAME = "junya kitayama";
				TargetAttributes = {
					236F2FF222171A5F00DF2E74 = {
						CreatedOnToolsVersion = 10.1;
						LastSwiftMigration = 1120;
					};
					236F300622171A6000DF2E74 = {
						CreatedOnToolsVersion = 10.1;
						LastSwiftMigration = 1120;
						TestTargetID = 236F2FF222171A5F00DF2E74;
					};
					236F301122171A6000DF2E74 = {
						CreatedOnToolsVersion = 10.1;
						LastSwiftMigration = 1120;
						TestTargetID = 236F2FF222171A5F00DF2E74;
					};
				};
			};
			buildConfigurationList = 236F2FEE22171A5F00DF2E74 /* Build configuration list for PBXProject "Template" */;
			compatibilityVersion = "Xcode 9.3";
			developmentRegion = en;
			hasScannedForEncodings = 0;
			knownRegions = (
				en,
				Base,
			);
			mainGroup = 236F2FEA22171A5F00DF2E74;
			productRefGroup = 236F2FF422171A5F00DF2E74 /* Products */;
			projectDirPath = "";
			projectRoot = "";
			targets = (
				236F2FF222171A5F00DF2E74 /* Template */,
				236F300622171A6000DF2E74 /* TemplateTests */,
				236F301122171A6000DF2E74 /* TemplateUITests */,
			);
		};
/* End PBXProject section */

/* Begin PBXResourcesBuildPhase section */
		236F2FF122171A5F00DF2E74 /* Resources */ = {
			isa = PBXResourcesBuildPhase;
			buildActionMask = 2147483647;
			files = (
				23814B6025FE7006003C1B5A /* IndicatorView.xib in Resources */,
				236F2FFE22171A6000DF2E74 /* Assets.xcassets in Resources */,
			);
			runOnlyForDeploymentPostprocessing = 0;
		};
		236F300522171A6000DF2E74 /* Resources */ = {
			isa = PBXResourcesBuildPhase;
			buildActionMask = 2147483647;
			files = (
			);
			runOnlyForDeploymentPostprocessing = 0;
		};
		236F301022171A6000DF2E74 /* Resources */ = {
			isa = PBXResourcesBuildPhase;
			buildActionMask = 2147483647;
			files = (
			);
			runOnlyForDeploymentPostprocessing = 0;
		};
/* End PBXResourcesBuildPhase section */

/* Begin PBXShellScriptBuildPhase section */
		23787DE32383C312004E8771 /* SwiftLint */ = {
			isa = PBXShellScriptBuildPhase;
			buildActionMask = 2147483647;
			files = (
			);
			inputFileListPaths = (
			);
			inputPaths = (
			);
			name = SwiftLint;
			outputFileListPaths = (
			);
			outputPaths = (
			);
			runOnlyForDeploymentPostprocessing = 0;
			shellPath = /bin/sh;
			shellScript = "if which swiftlint >/dev/null; then\nswiftlint autocorrect\nswiftlint\nelse\necho \"SwiftLint does not exist, download from https://github.com/realm/SwiftLint\"\nfi\n";
		};
		23787DE42383C32F004E8771 /* Carthage */ = {
			isa = PBXShellScriptBuildPhase;
			buildActionMask = 2147483647;
			files = (
			);
			inputFileListPaths = (
			);
			inputPaths = (
				"$(SRCROOT)/Carthage/Build/iOS/Reachability.framework",
			);
			name = Carthage;
			outputFileListPaths = (
			);
			outputPaths = (
			);
			runOnlyForDeploymentPostprocessing = 0;
			shellPath = /bin/sh;
			shellScript = "/usr/local/bin/carthage copy-frameworks\n";
		};
/* End PBXShellScriptBuildPhase section */

/* Begin PBXSourcesBuildPhase section */
		236F2FEF22171A5F00DF2E74 /* Sources */ = {
			isa = PBXSourcesBuildPhase;
			buildActionMask = 2147483647;
			files = (
				23A06D2A241F0A1E0077DC68 /* IndicatorViewController.swift in Sources */,
				23A06D2F241F0AD90077DC68 /* AlertMessage.swift in Sources */,
				23A06D37241F0C800077DC68 /* Error.swift in Sources */,
				23787DCD2383A42C004E8771 /* ClassNameProtocol.swift in Sources */,
				23F344CB25FE388600A892EA /* Template.swift in Sources */,
				2347403A2492837400DF69AA /* UIApplication+Extension.swift in Sources */,
				2347403C2492839B00DF69AA /* URL+Extension.swift in Sources */,
				23787DD62383A6EC004E8771 /* DateformatType.swift in Sources */,
				23A06D34241F0C520077DC68 /* Request.swift in Sources */,
				23A06D35241F0C520077DC68 /* APIClient.swift in Sources */,
				23787DD22383A654004E8771 /* String+Extension.swift in Sources */,
				23A06D39241F0DE00077DC68 /* APIRequest.swift in Sources */,
				23787DCA2383A237004E8771 /* UIViewController+Extension.swift in Sources */,
				23787DF32384F676004E8771 /* Collection+Extension.swift in Sources */,
				23787DD02383A50D004E8771 /* HTTPMethod.swift in Sources */,
				23A06D31241F0BA40077DC68 /* Common.swift in Sources */,
				23A06D27241F09B90077DC68 /* UserDefaults+Extension.swift in Sources */,
				23787DD42383A663004E8771 /* Date+Extension.swift in Sources */,
				23787DC92383A237004E8771 /* UIColor+Extension.swift in Sources */,
				23787DEB2383C979004E8771 /* MultipartFormData.swift in Sources */,
				23787DE22383B9E3004E8771 /* UILabelWithPlaceholder.swift in Sources */,
				23A06D2D241F0A9F0077DC68 /* Logger.swift in Sources */,
				2347403E2492848900DF69AA /* PlaceHolderTextView.swift in Sources */,
				23474042249286F100DF69AA /* Wifi.swift in Sources */,
				23787DF12384F415004E8771 /* Array+Extension.swift in Sources */,
				23A06D3C241F0EB90077DC68 /* NibInstantiatable.swift in Sources */,
				236F2FF722171A5F00DF2E74 /* AppDelegate.swift in Sources */,
				23787DDF2383B5AD004E8771 /* CoreDataManager.swift in Sources */,
				23A06D3D241F0EB90077DC68 /* StoryboardInstantiable.swift in Sources */,
			);
			runOnlyForDeploymentPostprocessing = 0;
		};
		236F300322171A6000DF2E74 /* Sources */ = {
			isa = PBXSourcesBuildPhase;
			buildActionMask = 2147483647;
			files = (
				236F300C22171A6000DF2E74 /* TemplateTests.swift in Sources */,
			);
			runOnlyForDeploymentPostprocessing = 0;
		};
		236F300E22171A6000DF2E74 /* Sources */ = {
			isa = PBXSourcesBuildPhase;
			buildActionMask = 2147483647;
			files = (
				236F301722171A6000DF2E74 /* TemplateUITests.swift in Sources */,
			);
			runOnlyForDeploymentPostprocessing = 0;
		};
/* End PBXSourcesBuildPhase section */

/* Begin PBXTargetDependency section */
		236F300922171A6000DF2E74 /* PBXTargetDependency */ = {
			isa = PBXTargetDependency;
			target = 236F2FF222171A5F00DF2E74 /* Template */;
			targetProxy = 236F300822171A6000DF2E74 /* PBXContainerItemProxy */;
		};
		236F301422171A6000DF2E74 /* PBXTargetDependency */ = {
			isa = PBXTargetDependency;
			target = 236F2FF222171A5F00DF2E74 /* Template */;
			targetProxy = 236F301322171A6000DF2E74 /* PBXContainerItemProxy */;
		};
/* End PBXTargetDependency section */

/* Begin XCBuildConfiguration section */
		236F301922171A6000DF2E74 /* Debug */ = {
			isa = XCBuildConfiguration;
			buildSettings = {
				ALWAYS_SEARCH_USER_PATHS = NO;
				CLANG_ANALYZER_NONNULL = YES;
				CLANG_ANALYZER_NUMBER_OBJECT_CONVERSION = YES_AGGRESSIVE;
				CLANG_CXX_LANGUAGE_STANDARD = "gnu++14";
				CLANG_CXX_LIBRARY = "libc++";
				CLANG_ENABLE_MODULES = YES;
				CLANG_ENABLE_OBJC_ARC = YES;
				CLANG_ENABLE_OBJC_WEAK = YES;
				CLANG_WARN_BLOCK_CAPTURE_AUTORELEASING = YES;
				CLANG_WARN_BOOL_CONVERSION = YES;
				CLANG_WARN_COMMA = YES;
				CLANG_WARN_CONSTANT_CONVERSION = YES;
				CLANG_WARN_DEPRECATED_OBJC_IMPLEMENTATIONS = YES;
				CLANG_WARN_DIRECT_OBJC_ISA_USAGE = YES_ERROR;
				CLANG_WARN_DOCUMENTATION_COMMENTS = YES;
				CLANG_WARN_EMPTY_BODY = YES;
				CLANG_WARN_ENUM_CONVERSION = YES;
				CLANG_WARN_INFINITE_RECURSION = YES;
				CLANG_WARN_INT_CONVERSION = YES;
				CLANG_WARN_NON_LITERAL_NULL_CONVERSION = YES;
				CLANG_WARN_OBJC_IMPLICIT_RETAIN_SELF = YES;
				CLANG_WARN_OBJC_LITERAL_CONVERSION = YES;
				CLANG_WARN_OBJC_ROOT_CLASS = YES_ERROR;
				CLANG_WARN_RANGE_LOOP_ANALYSIS = YES;
				CLANG_WARN_STRICT_PROTOTYPES = YES;
				CLANG_WARN_SUSPICIOUS_MOVE = YES;
				CLANG_WARN_UNGUARDED_AVAILABILITY = YES_AGGRESSIVE;
				CLANG_WARN_UNREACHABLE_CODE = YES;
				CLANG_WARN__DUPLICATE_METHOD_MATCH = YES;
				CODE_SIGN_IDENTITY = "iPhone Developer";
				COPY_PHASE_STRIP = NO;
				DEBUG_INFORMATION_FORMAT = dwarf;
				ENABLE_STRICT_OBJC_MSGSEND = YES;
				ENABLE_TESTABILITY = YES;
				GCC_C_LANGUAGE_STANDARD = gnu11;
				GCC_DYNAMIC_NO_PIC = NO;
				GCC_NO_COMMON_BLOCKS = YES;
				GCC_OPTIMIZATION_LEVEL = 0;
				GCC_PREPROCESSOR_DEFINITIONS = (
					"DEBUG=1",
					"$(inherited)",
				);
				GCC_WARN_64_TO_32_BIT_CONVERSION = YES;
				GCC_WARN_ABOUT_RETURN_TYPE = YES_ERROR;
				GCC_WARN_UNDECLARED_SELECTOR = YES;
				GCC_WARN_UNINITIALIZED_AUTOS = YES_AGGRESSIVE;
				GCC_WARN_UNUSED_FUNCTION = YES;
				GCC_WARN_UNUSED_VARIABLE = YES;
				IPHONEOS_DEPLOYMENT_TARGET = 13.0;
				MTL_ENABLE_DEBUG_INFO = INCLUDE_SOURCE;
				MTL_FAST_MATH = YES;
				ONLY_ACTIVE_ARCH = YES;
				SDKROOT = iphoneos;
				SWIFT_ACTIVE_COMPILATION_CONDITIONS = DEBUG;
				SWIFT_OPTIMIZATION_LEVEL = "-Onone";
			};
			name = Debug;
		};
		236F301A22171A6000DF2E74 /* Release */ = {
			isa = XCBuildConfiguration;
			buildSettings = {
				ALWAYS_SEARCH_USER_PATHS = NO;
				CLANG_ANALYZER_NONNULL = YES;
				CLANG_ANALYZER_NUMBER_OBJECT_CONVERSION = YES_AGGRESSIVE;
				CLANG_CXX_LANGUAGE_STANDARD = "gnu++14";
				CLANG_CXX_LIBRARY = "libc++";
				CLANG_ENABLE_MODULES = YES;
				CLANG_ENABLE_OBJC_ARC = YES;
				CLANG_ENABLE_OBJC_WEAK = YES;
				CLANG_WARN_BLOCK_CAPTURE_AUTORELEASING = YES;
				CLANG_WARN_BOOL_CONVERSION = YES;
				CLANG_WARN_COMMA = YES;
				CLANG_WARN_CONSTANT_CONVERSION = YES;
				CLANG_WARN_DEPRECATED_OBJC_IMPLEMENTATIONS = YES;
				CLANG_WARN_DIRECT_OBJC_ISA_USAGE = YES_ERROR;
				CLANG_WARN_DOCUMENTATION_COMMENTS = YES;
				CLANG_WARN_EMPTY_BODY = YES;
				CLANG_WARN_ENUM_CONVERSION = YES;
				CLANG_WARN_INFINITE_RECURSION = YES;
				CLANG_WARN_INT_CONVERSION = YES;
				CLANG_WARN_NON_LITERAL_NULL_CONVERSION = YES;
				CLANG_WARN_OBJC_IMPLICIT_RETAIN_SELF = YES;
				CLANG_WARN_OBJC_LITERAL_CONVERSION = YES;
				CLANG_WARN_OBJC_ROOT_CLASS = YES_ERROR;
				CLANG_WARN_RANGE_LOOP_ANALYSIS = YES;
				CLANG_WARN_STRICT_PROTOTYPES = YES;
				CLANG_WARN_SUSPICIOUS_MOVE = YES;
				CLANG_WARN_UNGUARDED_AVAILABILITY = YES_AGGRESSIVE;
				CLANG_WARN_UNREACHABLE_CODE = YES;
				CLANG_WARN__DUPLICATE_METHOD_MATCH = YES;
				CODE_SIGN_IDENTITY = "iPhone Developer";
				COPY_PHASE_STRIP = NO;
				DEBUG_INFORMATION_FORMAT = "dwarf-with-dsym";
				ENABLE_NS_ASSERTIONS = NO;
				ENABLE_STRICT_OBJC_MSGSEND = YES;
				GCC_C_LANGUAGE_STANDARD = gnu11;
				GCC_NO_COMMON_BLOCKS = YES;
				GCC_WARN_64_TO_32_BIT_CONVERSION = YES;
				GCC_WARN_ABOUT_RETURN_TYPE = YES_ERROR;
				GCC_WARN_UNDECLARED_SELECTOR = YES;
				GCC_WARN_UNINITIALIZED_AUTOS = YES_AGGRESSIVE;
				GCC_WARN_UNUSED_FUNCTION = YES;
				GCC_WARN_UNUSED_VARIABLE = YES;
				IPHONEOS_DEPLOYMENT_TARGET = 13.0;
				MTL_ENABLE_DEBUG_INFO = NO;
				MTL_FAST_MATH = YES;
				SDKROOT = iphoneos;
				SWIFT_COMPILATION_MODE = wholemodule;
				SWIFT_OPTIMIZATION_LEVEL = "-O";
				VALIDATE_PRODUCT = YES;
			};
			name = Release;
		};
		236F301C22171A6000DF2E74 /* Debug */ = {
			isa = XCBuildConfiguration;
			buildSettings = {
				ASSETCATALOG_COMPILER_APPICON_NAME = AppIcon;
				CODE_SIGN_STYLE = Automatic;
				DEVELOPMENT_TEAM = CGBRDE9JS4;
				FRAMEWORK_SEARCH_PATHS = (
					"$(inherited)",
					"$(PROJECT_DIR)/Carthage/Build/iOS",
				);
				INFOPLIST_FILE = Template/Resources/Info.plist;
				LD_RUNPATH_SEARCH_PATHS = (
					"$(inherited)",
					"@executable_path/Frameworks",
				);
				PRODUCT_BUNDLE_IDENTIFIER = com.junya.kitayama.Template;
				PRODUCT_NAME = "$(TARGET_NAME)";
				SWIFT_VERSION = 5.0;
				TARGETED_DEVICE_FAMILY = "1,2";
			};
			name = Debug;
		};
		236F301D22171A6000DF2E74 /* Release */ = {
			isa = XCBuildConfiguration;
			buildSettings = {
				ASSETCATALOG_COMPILER_APPICON_NAME = AppIcon;
				CODE_SIGN_STYLE = Automatic;
				DEVELOPMENT_TEAM = CGBRDE9JS4;
				FRAMEWORK_SEARCH_PATHS = (
					"$(inherited)",
					"$(PROJECT_DIR)/Carthage/Build/iOS",
				);
				INFOPLIST_FILE = Template/Resources/Info.plist;
				LD_RUNPATH_SEARCH_PATHS = (
					"$(inherited)",
					"@executable_path/Frameworks",
				);
				PRODUCT_BUNDLE_IDENTIFIER = com.junya.kitayama.Template;
				PRODUCT_NAME = "$(TARGET_NAME)";
				SWIFT_VERSION = 5.0;
				TARGETED_DEVICE_FAMILY = "1,2";
			};
			name = Release;
		};
		236F301F22171A6000DF2E74 /* Debug */ = {
			isa = XCBuildConfiguration;
			buildSettings = {
				ALWAYS_EMBED_SWIFT_STANDARD_LIBRARIES = YES;
				BUNDLE_LOADER = "$(TEST_HOST)";
				CODE_SIGN_STYLE = Automatic;
				DEVELOPMENT_TEAM = CGBRDE9JS4;
				INFOPLIST_FILE = TemplateTests/Info.plist;
				LD_RUNPATH_SEARCH_PATHS = (
					"$(inherited)",
					"@executable_path/Frameworks",
					"@loader_path/Frameworks",
				);
				PRODUCT_BUNDLE_IDENTIFIER = jp.co.jwork.TemplateTests;
				PRODUCT_NAME = "$(TARGET_NAME)";
				SWIFT_VERSION = 5.0;
				TARGETED_DEVICE_FAMILY = "1,2";
				TEST_HOST = "$(BUILT_PRODUCTS_DIR)/Template.app/Template";
			};
			name = Debug;
		};
		236F302022171A6000DF2E74 /* Release */ = {
			isa = XCBuildConfiguration;
			buildSettings = {
				ALWAYS_EMBED_SWIFT_STANDARD_LIBRARIES = YES;
				BUNDLE_LOADER = "$(TEST_HOST)";
				CODE_SIGN_STYLE = Automatic;
				DEVELOPMENT_TEAM = CGBRDE9JS4;
				INFOPLIST_FILE = TemplateTests/Info.plist;
				LD_RUNPATH_SEARCH_PATHS = (
					"$(inherited)",
					"@executable_path/Frameworks",
					"@loader_path/Frameworks",
				);
				PRODUCT_BUNDLE_IDENTIFIER = jp.co.jwork.TemplateTests;
				PRODUCT_NAME = "$(TARGET_NAME)";
				SWIFT_VERSION = 5.0;
				TARGETED_DEVICE_FAMILY = "1,2";
				TEST_HOST = "$(BUILT_PRODUCTS_DIR)/Template.app/Template";
			};
			name = Release;
		};
		236F302222171A6000DF2E74 /* Debug */ = {
			isa = XCBuildConfiguration;
			buildSettings = {
				ALWAYS_EMBED_SWIFT_STANDARD_LIBRARIES = YES;
				CODE_SIGN_STYLE = Automatic;
				DEVELOPMENT_TEAM = CGBRDE9JS4;
				INFOPLIST_FILE = TemplateUITests/Info.plist;
				LD_RUNPATH_SEARCH_PATHS = (
					"$(inherited)",
					"@executable_path/Frameworks",
					"@loader_path/Frameworks",
				);
				PRODUCT_BUNDLE_IDENTIFIER = jp.co.jwork.TemplateUITests;
				PRODUCT_NAME = "$(TARGET_NAME)";
				SWIFT_VERSION = 5.0;
				TARGETED_DEVICE_FAMILY = "1,2";
				TEST_TARGET_NAME = Template;
			};
			name = Debug;
		};
		236F302322171A6000DF2E74 /* Release */ = {
			isa = XCBuildConfiguration;
			buildSettings = {
				ALWAYS_EMBED_SWIFT_STANDARD_LIBRARIES = YES;
				CODE_SIGN_STYLE = Automatic;
				DEVELOPMENT_TEAM = CGBRDE9JS4;
				INFOPLIST_FILE = TemplateUITests/Info.plist;
				LD_RUNPATH_SEARCH_PATHS = (
					"$(inherited)",
					"@executable_path/Frameworks",
					"@loader_path/Frameworks",
				);
				PRODUCT_BUNDLE_IDENTIFIER = jp.co.jwork.TemplateUITests;
				PRODUCT_NAME = "$(TARGET_NAME)";
				SWIFT_VERSION = 5.0;
				TARGETED_DEVICE_FAMILY = "1,2";
				TEST_TARGET_NAME = Template;
			};
			name = Release;
		};
/* End XCBuildConfiguration section */

/* Begin XCConfigurationList section */
		236F2FEE22171A5F00DF2E74 /* Build configuration list for PBXProject "Template" */ = {
			isa = XCConfigurationList;
			buildConfigurations = (
				236F301922171A6000DF2E74 /* Debug */,
				236F301A22171A6000DF2E74 /* Release */,
			);
			defaultConfigurationIsVisible = 0;
			defaultConfigurationName = Release;
		};
		236F301B22171A6000DF2E74 /* Build configuration list for PBXNativeTarget "Template" */ = {
			isa = XCConfigurationList;
			buildConfigurations = (
				236F301C22171A6000DF2E74 /* Debug */,
				236F301D22171A6000DF2E74 /* Release */,
			);
			defaultConfigurationIsVisible = 0;
			defaultConfigurationName = Release;
		};
		236F301E22171A6000DF2E74 /* Build configuration list for PBXNativeTarget "TemplateTests" */ = {
			isa = XCConfigurationList;
			buildConfigurations = (
				236F301F22171A6000DF2E74 /* Debug */,
				236F302022171A6000DF2E74 /* Release */,
			);
			defaultConfigurationIsVisible = 0;
			defaultConfigurationName = Release;
		};
		236F302122171A6000DF2E74 /* Build configuration list for PBXNativeTarget "TemplateUITests" */ = {
			isa = XCConfigurationList;
			buildConfigurations = (
				236F302222171A6000DF2E74 /* Debug */,
				236F302322171A6000DF2E74 /* Release */,
			);
			defaultConfigurationIsVisible = 0;
			defaultConfigurationName = Release;
		};
/* End XCConfigurationList section */
	};
	rootObject = 236F2FEB22171A5F00DF2E74 /* Project object */;
}
